<?xml version="1.0" encoding="utf-8"?>
<Project xmlns="http://schemas.microsoft.com/developer/msbuild/2003">
  <PropertyGroup>
    <ProjectGuid>{92f0208c-501f-4e5b-bd1a-6b8f51c8dd82}</ProjectGuid>
    <MainSource>LockBox_DUnit_Tests.dpr</MainSource>
    <Configuration Condition=" '$(Configuration)' == '' ">Debug</Configuration>
    <Platform Condition=" '$(Platform)' == '' ">AnyCPU</Platform>
    <DCC_DCCCompiler>DCC32</DCC_DCCCompiler>
    <DCC_DependencyCheckOutputName>..\..\..\Executable bay\LockBox_DUnit_Tests.exe</DCC_DependencyCheckOutputName>
  </PropertyGroup>
  <PropertyGroup Condition=" '$(Configuration)|$(Platform)' == 'Release|AnyCPU' ">
    <Version>7.0</Version>
    <DCC_DebugInformation>False</DCC_DebugInformation>
    <DCC_LocalDebugSymbols>False</DCC_LocalDebugSymbols>
    <DCC_Optimize>False</DCC_Optimize>
    <DCC_SymbolReferenceInfo>0</DCC_SymbolReferenceInfo>
    <DCC_DcuOutput>$(DCU)</DCC_DcuOutput>
    <DCC_ObjOutput>$(DCU)</DCC_ObjOutput>
    <DCC_HppOutput>$(DCU)</DCC_HppOutput>
    <DCC_DcpOutput>$(DCP)</DCC_DcpOutput>
    <DCC_Define>RELEASE</DCC_Define>
    <DCC_ExeOutput>..\..\..\Executable bay\</DCC_ExeOutput>
  </PropertyGroup>
  <PropertyGroup Condition=" '$(Configuration)|$(Platform)' == 'Debug|AnyCPU' ">
    <Version>7.0</Version>
    <DCC_Optimize>False</DCC_Optimize>
    <DCC_DcuOutput>$(DCU)</DCC_DcuOutput>
    <DCC_ObjOutput>$(DCU)</DCC_ObjOutput>
    <DCC_HppOutput>$(DCU)</DCC_HppOutput>
    <DCC_DcpOutput>$(DCP)</DCC_DcpOutput>
    <DCC_Define>DEBUG</DCC_Define>
    <DCC_ExeOutput>..\..\..\Executable bay\</DCC_ExeOutput>
  </PropertyGroup>
  <ProjectExtensions>
    <Borland.Personality>Delphi.Personality</Borland.Personality>
    <Borland.ProjectType>VCLApplication</Borland.ProjectType>
    <BorlandProject>
<BorlandProject><Delphi.Personality><Parameters><Parameters Name="UseLauncher">False</Parameters><Parameters Name="LoadAllSymbols">True</Parameters><Parameters Name="LoadUnspecifiedSymbols">False</Parameters></Parameters><VersionInfo><VersionInfo Name="IncludeVerInfo">True</VersionInfo><VersionInfo Name="AutoIncBuild">False</VersionInfo><VersionInfo Name="MajorVer">3</VersionInfo><VersionInfo Name="MinorVer">4</VersionInfo><VersionInfo Name="Release">0</VersionInfo><VersionInfo Name="Build">0</VersionInfo><VersionInfo Name="Debug">False</VersionInfo><VersionInfo Name="PreRelease">False</VersionInfo><VersionInfo Name="Special">False</VersionInfo><VersionInfo Name="Private">False</VersionInfo><VersionInfo Name="DLL">False</VersionInfo><VersionInfo Name="Locale">3081</VersionInfo><VersionInfo Name="CodePage">1252</VersionInfo></VersionInfo><VersionInfoKeys><VersionInfoKeys Name="CompanyName"></VersionInfoKeys><VersionInfoKeys Name="FileDescription"></VersionInfoKeys><VersionInfoKeys Name="FileVersion">3.4.0.0</VersionInfoKeys><VersionInfoKeys Name="InternalName"></VersionInfoKeys><VersionInfoKeys Name="LegalCopyright"></VersionInfoKeys><VersionInfoKeys Name="LegalTrademarks"></VersionInfoKeys><VersionInfoKeys Name="OriginalFilename"></VersionInfoKeys><VersionInfoKeys Name="ProductName"></VersionInfoKeys><VersionInfoKeys Name="ProductVersion">1.0.0.0</VersionInfoKeys><VersionInfoKeys Name="Comments"></VersionInfoKeys></VersionInfoKeys><Source><Source Name="MainSource">LockBox_DUnit_Tests.dpr</Source></Source></Delphi.Personality></BorlandProject></BorlandProject>
  </ProjectExtensions>
  <Import Project="$(MSBuildBinPath)\Borland.Delphi.Targets" />
  <ItemGroup>
    <DelphiCompile Include="LockBox_DUnit_Tests.dpr">
      <MainSource>MainSource</MainSource>
    </DelphiCompile>
    <DCCReference Include="..\..\..\..\..\dunit\d2007-\src\DUnitConsts.pas" />
    <DCCReference Include="..\..\..\..\..\dunit\d2007-\src\GUITestRunner.pas" />
    <DCCReference Include="..\..\..\..\..\dunit\d2007-\src\TestFramework.pas" />
    <DCCReference Include="..\..\test\uLockBox_CipherTestCases.pas" />
    <DCCReference Include="..\..\test\uLockBox_Hashes.pas">
      <Form>$R *.res</Form>
    </DCCReference>
    <DCCReference Include="..\..\test\uLockBox_HugeCardinalTestCases.pas" />
    <DCCReference Include="..\..\test\uLockBox_RSA_TestCases.pas" />
    <DCCReference Include="..\..\test\uLockBox_Signatory_TestCases.pas" />
    <DCCReference Include="..\..\test\uLockBox_TestCases.pas" />
  </ItemGroup>
</Project>